Microsoft Visual Studio Solution File, Format Version 12.00Project("{FAE04EC0-301F-11D3-BF4B-00C04F79EFBC}") = "TicTacToe", "TicTacToe\TicTacToe.csproj", "{39331AE0-76B4-44C1-A97A-4D405C707095}"EndProjectProject("{FAE04EC0-301F-11D3-BF4B-00C04F79EFBC}") = "Trojkaty", "Trojkaty\Trojkaty.csproj", "{A65F2081-4B3E-4783-AF43-8CE61E12C63F}"EndProjectProject("{FAE04EC0-301F-11D3-BF4B-00C04F79EFBC}") = "Silnia", "Silnia\Silnia.csproj", "{8CAE8A64-6FB4-4F9A-B7AF-E53C8C05B083}"EndProjectProject("{FAE04EC0-301F-11D3-BF4B-00C04F79EFBC}") = "Zad4", "Zad4\Zad4.csproj", "{7CC14131-480D-4EF7-9347-E835E7E91045}"EndProjectProject("{FAE04EC0-301F-11D3-BF4B-00C04F79EFBC}") = "Captcha", "Captcha\Captcha.csproj", "{BA87D63C-8DDD-476F-BB7B-F868F59EC1E5}"EndProjectProject("{FAE04EC0-301F-11D3-BF4B-00C04F79EFBC}") = "Zad6", "Zad6\Zad6.csproj", "{643A2BCD-9879-4215-B8DB-EA67C3B69483}"EndProjectGlobal	GlobalSection(SolutionConfigurationPlatforms) = preSolution		Debug|Any CPU = Debug|Any CPU		Release|Any CPU = Release|Any CPU	EndGlobalSection	GlobalSection(ProjectConfigurationPlatforms) = postSolution		{39331AE0-76B4-44C1-A97A-4D405C707095}.Debug|Any CPU.ActiveCfg = Debug|Any CPU		{39331AE0-76B4-44C1-A97A-4D405C707095}.Debug|Any CPU.Build.0 = Debug|Any CPU		{39331AE0-76B4-44C1-A97A-4D405C707095}.Release|Any CPU.ActiveCfg = Release|Any CPU		{39331AE0-76B4-44C1-A97A-4D405C707095}.Release|Any CPU.Build.0 = Release|Any CPU		{A65F2081-4B3E-4783-AF43-8CE61E12C63F}.Debug|Any CPU.ActiveCfg = Debug|Any CPU		{A65F2081-4B3E-4783-AF43-8CE61E12C63F}.Debug|Any CPU.Build.0 = Debug|Any CPU		{A65F2081-4B3E-4783-AF43-8CE61E12C63F}.Release|Any CPU.ActiveCfg = Release|Any CPU		{A65F2081-4B3E-4783-AF43-8CE61E12C63F}.Release|Any CPU.Build.0 = Release|Any CPU		{8CAE8A64-6FB4-4F9A-B7AF-E53C8C05B083}.Debug|Any CPU.ActiveCfg = Debug|Any CPU		{8CAE8A64-6FB4-4F9A-B7AF-E53C8C05B083}.Debug|Any CPU.Build.0 = Debug|Any CPU		{8CAE8A64-6FB4-4F9A-B7AF-E53C8C05B083}.Release|Any CPU.ActiveCfg = Release|Any CPU		{8CAE8A64-6FB4-4F9A-B7AF-E53C8C05B083}.Release|Any CPU.Build.0 = Release|Any CPU		{7CC14131-480D-4EF7-9347-E835E7E91045}.Debug|Any CPU.ActiveCfg = Debug|Any CPU		{7CC14131-480D-4EF7-9347-E835E7E91045}.Debug|Any CPU.Build.0 = Debug|Any CPU		{7CC14131-480D-4EF7-9347-E835E7E91045}.Release|Any CPU.ActiveCfg = Release|Any CPU		{7CC14131-480D-4EF7-9347-E835E7E91045}.Release|Any CPU.Build.0 = Release|Any CPU		{BA87D63C-8DDD-476F-BB7B-F868F59EC1E5}.Debug|Any CPU.ActiveCfg = Debug|Any CPU		{BA87D63C-8DDD-476F-BB7B-F868F59EC1E5}.Debug|Any CPU.Build.0 = Debug|Any CPU		{BA87D63C-8DDD-476F-BB7B-F868F59EC1E5}.Release|Any CPU.ActiveCfg = Release|Any CPU		{BA87D63C-8DDD-476F-BB7B-F868F59EC1E5}.Release|Any CPU.Build.0 = Release|Any CPU		{643A2BCD-9879-4215-B8DB-EA67C3B69483}.Debug|Any CPU.ActiveCfg = Debug|Any CPU		{643A2BCD-9879-4215-B8DB-EA67C3B69483}.Debug|Any CPU.Build.0 = Debug|Any CPU		{643A2BCD-9879-4215-B8DB-EA67C3B69483}.Release|Any CPU.ActiveCfg = Release|Any CPU		{643A2BCD-9879-4215-B8DB-EA67C3B69483}.Release|Any CPU.Build.0 = Release|Any CPU	EndGlobalSectionEndGlobal